Microsoft Visual Studio Solution File, Format Version 12.00
# Visual Studio Version 17
VisualStudioVersion = 17.5.2.0
MinimumVisualStudioVersion = 10.0.40219.1
Project("{FAE04EC0-301F-11D3-BF4B-00C04F79EFBC}") = "LearnDate", "LearnDate\LearnDate.csproj", "{05F551A3-4415-18FC-8B72-CA250BBAA994}"
EndProject
Global
	GlobalSection(SolutionConfigurationPlatforms) = preSolution
		Debug|Any CPU = Debug|Any CPU
		Release|Any CPU = Release|Any CPU
	EndGlobalSection
	GlobalSection(ProjectConfigurationPlatforms) = postSolution
		{05F551A3-4415-18FC-8B72-CA250BBAA994}.Debug|Any CPU.ActiveCfg = Debug|Any CPU
		{05F551A3-4415-18FC-8B72-CA250BBAA994}.Debug|Any CPU.Build.0 = Debug|Any CPU
		{05F551A3-4415-18FC-8B72-CA250BBAA994}.Release|Any CPU.ActiveCfg = Release|Any CPU
		{05F551A3-4415-18FC-8B72-CA250BBAA994}.Release|Any CPU.Build.0 = Release|Any CPU
	EndGlobalSection
	GlobalSection(SolutionProperties) = preSolution
		HideSolutionNode = FALSE
	EndGlobalSection
	GlobalSection(ExtensibilityGlobals) = postSolution
		SolutionGuid = {00810E66-7FD5-474C-9B41-FF17E8DD8530}
	EndGlobalSection
EndGlobal
